{
  "originHash" : "5c7fe5c2d2a89f9c5550f0e75fc5a471d2602fcd4a64014d1682885937e2b8ab",
  "pins" : [
    {
      "identity" : "wxyc-swift-auth",
      "kind" : "remoteSourceControl",
      "location" : "https://github.com/WXYC/wxyc-swift-auth.git",
      "state" : {
        "revision" : "b0d0edbb9c352a346f1d9d968efadaf866b5bdd1",
        "version" : "0.2.0"
      }
    }
  ],
  "version" : 3
}
